// !$*UTF8*$!
{
	archiveVersion = 1;
	classes = {
	};
	objectVersion = 50;
	objects = {

/* Begin PBXBuildFile section */
		DCADCDE5218443B100198169 /* AppDelegate.swift in Sources */ = {isa = PBXBuildFile; fileRef = DCADCDE4218443B100198169 /* AppDelegate.swift */; };
		DCADCDE7218443B100198169 /* RootViewController.swift in Sources */ = {isa = PBXBuildFile; fileRef = DCADCDE6218443B100198169 /* RootViewController.swift */; };
		DCADCDE9218443B100198169 /* DataViewController.swift in Sources */ = {isa = PBXBuildFile; fileRef = DCADCDE8218443B100198169 /* DataViewController.swift */; };
		DCADCDEB218443B100198169 /* ModelController.swift in Sources */ = {isa = PBXBuildFile; fileRef = DCADCDEA218443B100198169 /* ModelController.swift */; };
		DCADCDEE218443B100198169 /* Main.storyboard in Resources */ = {isa = PBXBuildFile; fileRef = DCADCDEC218443B100198169 /* Main.storyboard */; };
		DCADCDF0218443B300198169 /* Assets.xcassets in Resources */ = {isa = PBXBuildFile; fileRef = DCADCDEF218443B300198169 /* Assets.xcassets */; };
		DCADCDF3218443B300198169 /* LaunchScreen.storyboard in Resources */ = {isa = PBXBuildFile; fileRef = DCADCDF1218443B300198169 /* LaunchScreen.storyboard */; };
/* End PBXBuildFile section */

/* Begin PBXFileReference section */
		DCADCDE1218443B100198169 /* clippingkk.app */ = {isa = PBXFileReference; explicitFileType = wrapper.application; includeInIndex = 0; path = clippingkk.app; sourceTree = BUILT_PRODUCTS_DIR; };
		DCADCDE4218443B100198169 /* AppDelegate.swift */ = {isa = PBXFileReference; lastKnownFileType = sourcecode.swift; path = AppDelegate.swift; sourceTree = "<group>"; };
		DCADCDE6218443B100198169 /* RootViewController.swift */ = {isa = PBXFileReference; lastKnownFileType = sourcecode.swift; path = RootViewController.swift; sourceTree = "<group>"; };
		DCADCDE8218443B100198169 /* DataViewController.swift */ = {isa = PBXFileReference; lastKnownFileType = sourcecode.swift; path = DataViewController.swift; sourceTree = "<group>"; };
		DCADCDEA218443B100198169 /* ModelController.swift */ = {isa = PBXFileReference; lastKnownFileType = sourcecode.swift; path = ModelController.swift; sourceTree = "<group>"; };
		DCADCDED218443B100198169 /* Base */ = {isa = PBXFileReference; lastKnownFileType = file.storyboard; name = Base; path = Base.lproj/Main.storyboard; sourceTree = "<group>"; };
		DCADCDEF218443B300198169 /* Assets.xcassets */ = {isa = PBXFileReference; lastKnownFileType = folder.assetcatalog; path = Assets.xcassets; sourceTree = "<group>"; };
		DCADCDF2218443B300198169 /* Base */ = {isa = PBXFileReference; lastKnownFileType = file.storyboard; name = Base; path = Base.lproj/LaunchScreen.storyboard; sourceTree = "<group>"; };
		DCADCDF4218443B300198169 /* Info.plist */ = {isa = PBXFileReference; lastKnownFileType = text.plist.xml; path = Info.plist; sourceTree = "<group>"; };
/* End PBXFileReference section */

/* Begin PBXFrameworksBuildPhase section */
		DCADCDDE218443B100198169 /* Frameworks */ = {
			isa = PBXFrameworksBuildPhase;
			buildActionMask = 2147483647;
			files = (
			);
			runOnlyForDeploymentPostprocessing = 0;
		};
/* End PBXFrameworksBuildPhase section */

/* Begin PBXGroup section */
		DCADCDD8218443B100198169 = {
			isa = PBXGroup;
			children = (
				DCADCDE3218443B100198169 /* clippingkk */,
				DCADCDE2218443B100198169 /* Products */,
			);
			sourceTree = "<group>";
		};
		DCADCDE2218443B100198169 /* Products */ = {
			isa = PBXGroup;
			children = (
				DCADCDE1218443B100198169 /* clippingkk.app */,
			);
			name = Products;
			sourceTree = "<group>";
		};
		DCADCDE3218443B100198169 /* clippingkk */ = {
			isa = PBXGroup;
			children = (
				DCADCDE4218443B100198169 /* AppDelegate.swift */,
				DCADCDE6218443B100198169 /* RootViewController.swift */,
				DCADCDE8218443B100198169 /* DataViewController.swift */,
				DCADCDEA218443B100198169 /* ModelController.swift */,
				DCADCDEC218443B100198169 /* Main.storyboard */,
				DCADCDEF218443B300198169 /* Assets.xcassets */,
				DCADCDF1218443B300198169 /* LaunchScreen.storyboard */,
				DCADCDF4218443B300198169 /* Info.plist */,
			);
			path = clippingkk;
			sourceTree = "<group>";
		};
/* End PBXGroup section */

/* Begin PBXNativeTarget section */
		DCADCDE0218443B100198169 /* clippingkk */ = {
			isa = PBXNativeTarget;
			buildConfigurationList = DCADCDF7218443B300198169 /* Build configuration list for PBXNativeTarget "clippingkk" */;
			buildPhases = (
				DCADCDDD218443B100198169 /* Sources */,
				DCADCDDE218443B100198169 /* Frameworks */,
				DCADCDDF218443B100198169 /* Resources */,
			);
			buildRules = (
			);
			dependencies = (
			);
			name = clippingkk;
			productName = clippingkk;
			productReference = DCADCDE1218443B100198169 /* clippingkk.app */;
			productType = "com.apple.product-type.application";
		};
/* End PBXNativeTarget section */

/* Begin PBXProject section */
		DCADCDD9218443B100198169 /* Project object */ = {
			isa = PBXProject;
			attributes = {
				LastSwiftUpdateCheck = 1000;
				LastUpgradeCheck = 1000;
				ORGANIZATIONNAME = AnnatarHe;
				TargetAttributes = {
					DCADCDE0218443B100198169 = {
						CreatedOnToolsVersion = 10.0;
					};
				};
			};
			buildConfigurationList = DCADCDDC218443B100198169 /* Build configuration list for PBXProject "clippingkk" */;
			compatibilityVersion = "Xcode 9.3";
			developmentRegion = en;
			hasScannedForEncodings = 0;
			knownRegions = (
				en,
				Base,
			);
			mainGroup = DCADCDD8218443B100198169;
			productRefGroup = DCADCDE2218443B100198169 /* Products */;
			projectDirPath = "";
			projectRoot = "";
			targets = (
				DCADCDE0218443B100198169 /* clippingkk */,
			);
		};
/* End PBXProject section */

/* Begin PBXResourcesBuildPhase section */
		DCADCDDF218443B100198169 /* Resources */ = {
			isa = PBXResourcesBuildPhase;
			buildActionMask = 2147483647;
			files = (
				DCADCDF3218443B300198169 /* LaunchScreen.storyboard in Resources */,
				DCADCDF0218443B300198169 /* Assets.xcassets in Resources */,
				DCADCDEE218443B100198169 /* Main.storyboard in Resources */,
			);
			runOnlyForDeploymentPostprocessing = 0;
		};
/* End PBXResourcesBuildPhase section */

/* Begin PBXSourcesBuildPhase section */
		DCADCDDD218443B100198169 /* Sources */ = {
			isa = PBXSourcesBuildPhase;
			buildActionMask = 2147483647;
			files = (
				DCADCDE7218443B100198169 /* RootViewController.swift in Sources */,
				DCADCDEB218443B100198169 /* ModelController.swift in Sources */,
				DCADCDE9218443B100198169 /* DataViewController.swift in Sources */,
				DCADCDE5218443B100198169 /* AppDelegate.swift in Sources */,
			);
			runOnlyForDeploymentPostprocessing = 0;
		};
/* End PBXSourcesBuildPhase section */

/* Begin PBXVariantGroup section */
		DCADCDEC218443B100198169 /* Main.storyboard */ = {
			isa = PBXVariantGroup;
			children = (
				DCADCDED218443B100198169 /* Base */,
			);
			name = Main.storyboard;
			sourceTree = "<group>";
		};
		DCADCDF1218443B300198169 /* LaunchScreen.storyboard */ = {
			isa = PBXVariantGroup;
			children = (
				DCADCDF2218443B300198169 /* Base */,
			);
			name = LaunchScreen.storyboard;
			sourceTree = "<group>";
		};
/* End PBXVariantGroup section */

/* Begin XCBuildConfiguration section */
		DCADCDF5218443B300198169 /* Debug */ = {
			isa = XCBuildConfiguration;
			buildSettings = {
				ALWAYS_SEARCH_USER_PATHS = NO;
				CLANG_ANALYZER_NONNULL = YES;
				CLANG_ANALYZER_NUMBER_OBJECT_CONVERSION = YES_AGGRESSIVE;
				CLANG_CXX_LANGUAGE_STANDARD = "gnu++14";
				CLANG_CXX_LIBRARY = "libc++";
				CLANG_ENABLE_MODULES = YES;
				CLANG_ENABLE_OBJC_ARC = YES;
				CLANG_ENABLE_OBJC_WEAK = YES;
				CLANG_WARN_BLOCK_CAPTURE_AUTORELEASING = YES;
				CLANG_WARN_BOOL_CONVERSION = YES;
				CLANG_WARN_COMMA = YES;
				CLANG_WARN_CONSTANT_CONVERSION = YES;
				CLANG_WARN_DEPRECATED_OBJC_IMPLEMENTATIONS = YES;
				CLANG_WARN_DIRECT_OBJC_ISA_USAGE = YES_ERROR;
				CLANG_WARN_DOCUMENTATION_COMMENTS = YES;
				CLANG_WARN_EMPTY_BODY = YES;
				CLANG_WARN_ENUM_CONVERSION = YES;
				CLANG_WARN_INFINITE_RECURSION = YES;
				CLANG_WARN_INT_CONVERSION = YES;
				CLANG_WARN_NON_LITERAL_NULL_CONVERSION = YES;
				CLANG_WARN_OBJC_IMPLICIT_RETAIN_SELF = YES;
				CLANG_WARN_OBJC_LITERAL_CONVERSION = YES;
				CLANG_WARN_OBJC_ROOT_CLASS = YES_ERROR;
				CLANG_WARN_RANGE_LOOP_ANALYSIS = YES;
				CLANG_WARN_STRICT_PROTOTYPES = YES;
				CLANG_WARN_SUSPICIOUS_MOVE = YES;
				CLANG_WARN_UNGUARDED_AVAILABILITY = YES_AGGRESSIVE;
				CLANG_WARN_UNREACHABLE_CODE = YES;
				CLANG_WARN__DUPLICATE_METHOD_MATCH = YES;
				CODE_SIGN_IDENTITY = "iPhone Developer";
				COPY_PHASE_STRIP = NO;
				DEBUG_INFORMATION_FORMAT = dwarf;
				ENABLE_STRICT_OBJC_MSGSEND = YES;
				ENABLE_TESTABILITY = YES;
				GCC_C_LANGUAGE_STANDARD = gnu11;
				GCC_DYNAMIC_NO_PIC = NO;
				GCC_NO_COMMON_BLOCKS = YES;
				GCC_OPTIMIZATION_LEVEL = 0;
				GCC_PREPROCESSOR_DEFINITIONS = (
					"DEBUG=1",
					"$(inherited)",
				);
				GCC_WARN_64_TO_32_BIT_CONVERSION = YES;
				GCC_WARN_ABOUT_RETURN_TYPE = YES_ERROR;
				GCC_WARN_UNDECLARED_SELECTOR = YES;
				GCC_WARN_UNINITIALIZED_AUTOS = YES_AGGRESSIVE;
				GCC_WARN_UNUSED_FUNCTION = YES;
				GCC_WARN_UNUSED_VARIABLE = YES;
				IPHONEOS_DEPLOYMENT_TARGET = 12.0;
				MTL_ENABLE_DEBUG_INFO = INCLUDE_SOURCE;
				MTL_FAST_MATH = YES;
				ONLY_ACTIVE_ARCH = YES;
				SDKROOT = iphoneos;
				SWIFT_ACTIVE_COMPILATION_CONDITIONS = DEBUG;
				SWIFT_OPTIMIZATION_LEVEL = "-Onone";
			};
			name = Debug;
		};
		DCADCDF6218443B300198169 /* Release */ = {
			isa = XCBuildConfiguration;
			buildSettings = {
				ALWAYS_SEARCH_USER_PATHS = NO;
				CLANG_ANALYZER_NONNULL = YES;
				CLANG_ANALYZER_NUMBER_OBJECT_CONVERSION = YES_AGGRESSIVE;
				CLANG_CXX_LANGUAGE_STANDARD = "gnu++14";
				CLANG_CXX_LIBRARY = "libc++";
				CLANG_ENABLE_MODULES = YES;
				CLANG_ENABLE_OBJC_ARC = YES;
				CLANG_ENABLE_OBJC_WEAK = YES;
				CLANG_WARN_BLOCK_CAPTURE_AUTORELEASING = YES;
				CLANG_WARN_BOOL_CONVERSION = YES;
				CLANG_WARN_COMMA = YES;
				CLANG_WARN_CONSTANT_CONVERSION = YES;
				CLANG_WARN_DEPRECATED_OBJC_IMPLEMENTATIONS = YES;
				CLANG_WARN_DIRECT_OBJC_ISA_USAGE = YES_ERROR;
				CLANG_WARN_DOCUMENTATION_COMMENTS = YES;
				CLANG_WARN_EMPTY_BODY = YES;
				CLANG_WARN_ENUM_CONVERSION = YES;
				CLANG_WARN_INFINITE_RECURSION = YES;
				CLANG_WARN_INT_CONVERSION = YES;
				CLANG_WARN_NON_LITERAL_NULL_CONVERSION = YES;
				CLANG_WARN_OBJC_IMPLICIT_RETAIN_SELF = YES;
				CLANG_WARN_OBJC_LITERAL_CONVERSION = YES;
				CLANG_WARN_OBJC_ROOT_CLASS = YES_ERROR;
				CLANG_WARN_RANGE_LOOP_ANALYSIS = YES;
				CLANG_WARN_STRICT_PROTOTYPES = YES;
				CLANG_WARN_SUSPICIOUS_MOVE = YES;
				CLANG_WARN_UNGUARDED_AVAILABILITY = YES_AGGRESSIVE;
				CLANG_WARN_UNREACHABLE_CODE = YES;
				CLANG_WARN__DUPLICATE_METHOD_MATCH = YES;
				CODE_SIGN_IDENTITY = "iPhone Developer";
				COPY_PHASE_STRIP = NO;
				DEBUG_INFORMATION_FORMAT = "dwarf-with-dsym";
				ENABLE_NS_ASSERTIONS = NO;
				ENABLE_STRICT_OBJC_MSGSEND = YES;
				GCC_C_LANGUAGE_STANDARD = gnu11;
				GCC_NO_COMMON_BLOCKS = YES;
				GCC_WARN_64_TO_32_BIT_CONVERSION = YES;
				GCC_WARN_ABOUT_RETURN_TYPE = YES_ERROR;
				GCC_WARN_UNDECLARED_SELECTOR = YES;
				GCC_WARN_UNINITIALIZED_AUTOS = YES_AGGRESSIVE;
				GCC_WARN_UNUSED_FUNCTION = YES;
				GCC_WARN_UNUSED_VARIABLE = YES;
				IPHONEOS_DEPLOYMENT_TARGET = 12.0;
				MTL_ENABLE_DEBUG_INFO = NO;
				MTL_FAST_MATH = YES;
				SDKROOT = iphoneos;
				SWIFT_COMPILATION_MODE = wholemodule;
				SWIFT_OPTIMIZATION_LEVEL = "-O";
				VALIDATE_PRODUCT = YES;
			};
			name = Release;
		};
		DCADCDF8218443B300198169 /* Debug */ = {
			isa = XCBuildConfiguration;
			buildSettings = {
				ASSETCATALOG_COMPILER_APPICON_NAME = AppIcon;
				CODE_SIGN_STYLE = Automatic;
				DEVELOPMENT_TEAM = VY3AP6C55K;
				INFOPLIST_FILE = clippingkk/Info.plist;
				LD_RUNPATH_SEARCH_PATHS = (
					"$(inherited)",
					"@executable_path/Frameworks",
				);
				PRODUCT_BUNDLE_IDENTIFIER = com.annatarhe.clippingkk.clippingkk;
				PRODUCT_NAME = "$(TARGET_NAME)";
				SWIFT_VERSION = 4.2;
				TARGETED_DEVICE_FAMILY = "1,2";
			};
			name = Debug;
		};
		DCADCDF9218443B300198169 /* Release */ = {
			isa = XCBuildConfiguration;
			buildSettings = {
				ASSETCATALOG_COMPILER_APPICON_NAME = AppIcon;
				CODE_SIGN_STYLE = Automatic;
				DEVELOPMENT_TEAM = VY3AP6C55K;
				INFOPLIST_FILE = clippingkk/Info.plist;
				LD_RUNPATH_SEARCH_PATHS = (
					"$(inherited)",
					"@executable_path/Frameworks",
				);
				PRODUCT_BUNDLE_IDENTIFIER = com.annatarhe.clippingkk.clippingkk;
				PRODUCT_NAME = "$(TARGET_NAME)";
				SWIFT_VERSION = 4.2;
				TARGETED_DEVICE_FAMILY = "1,2";
			};
			name = Release;
		};
/* End XCBuildConfiguration section */

/* Begin XCConfigurationList section */
		DCADCDDC218443B100198169 /* Build configuration list for PBXProject "clippingkk" */ = {
			isa = XCConfigurationList;
			buildConfigurations = (
				DCADCDF5218443B300198169 /* Debug */,
				DCADCDF6218443B300198169 /* Release */,
			);
			defaultConfigurationIsVisible = 0;
			defaultConfigurationName = Release;
		};
		DCADCDF7218443B300198169 /* Build configuration list for PBXNativeTarget "clippingkk" */ = {
			isa = XCConfigurationList;
			buildConfigurations = (
				DCADCDF8218443B300198169 /* Debug */,
				DCADCDF9218443B300198169 /* Release */,
			);
			defaultConfigurationIsVisible = 0;
			defaultConfigurationName = Release;
		};
/* End XCConfigurationList section */
	};
	rootObject = DCADCDD9218443B100198169 /* Project object */;
}
